{
  "version": "v1",
  "packages": {
    "react-native-magic-move": {
      "signature": "f4feef8af51f180af2a47b967342a4c3",
      "file": true,
      "replaced": "*"
    },
    "react-navigation-magic-move": {
      "signature": "b87948a05ac0a4ff11e26b32bf2830ea",
      "file": true,
      "replaced": "*"
    }
  }
}