{
  "version": "v1",
  "packages": {
    "react-native-magic-move": {
      "signature": "44f38fafed46c293ad1ec30713ffad82",
      "file": true,
      "replaced": "0.4.0"
    },
    "react-navigation-magic-move": {
      "signature": "fe1686dc63d80f63d14e30508ad49f27",
      "file": true,
      "replaced": "*"
    }
  }
}