{
  "version": "v1",
  "packages": {
    "react-native-magic-move": {
      "signature": "b11a7d7c7e3dfa54330b7c5fa55120ba",
      "file": true,
      "replaced": "0.4.0"
    },
    "react-navigation-magic-move": {
      "signature": "7a792a2669f125b6648045468bf44d61",
      "file": true,
      "replaced": "*"
    }
  }
}